
Microsoft Visual Studio Solution File, Format Version 10.00
# Visual Studio 2008
Project("{FAE04EC0-301F-11D3-BF4B-00C04F79EFBC}") = "Money.Net - VS2008", "Money.Net\Money.Net - VS2008.csproj", "{58E627D7-6E88-42DE-98F9-1010122524FD}"
EndProject
Global
	GlobalSection(SolutionConfigurationPlatforms) = preSolution
		Debug|Any CPU = Debug|Any CPU
		Release|Any CPU = Release|Any CPU
	EndGlobalSection
	GlobalSection(ProjectConfigurationPlatforms) = postSolution
		{58E627D7-6E88-42DE-98F9-1010122524FD}.Debug|Any CPU.ActiveCfg = Debug|Any CPU
		{58E627D7-6E88-42DE-98F9-1010122524FD}.Debug|Any CPU.Build.0 = Debug|Any CPU
		{58E627D7-6E88-42DE-98F9-1010122524FD}.Release|Any CPU.ActiveCfg = Release|Any CPU
		{58E627D7-6E88-42DE-98F9-1010122524FD}.Release|Any CPU.Build.0 = Release|Any CPU
	EndGlobalSection
	GlobalSection(SolutionProperties) = preSolution
		HideSolutionNode = FALSE
	EndGlobalSection
EndGlobal
